// !$*UTF8*$!
{
	archiveVersion = 1;
	classes = {
	};
	objectVersion = 60;
	objects = {

/* Begin PBXBuildFile section */
		391C79CA286F02BC003C7C26 /* AppDelegate.m in Sources */ = {isa = PBXBuildFile; fileRef = 391C79C9286F02BC003C7C26 /* AppDelegate.m */; };
		391C79CF286F02BD003C7C26 /* Assets.xcassets in Resources */ = {isa = PBXBuildFile; fileRef = 391C79CE286F02BD003C7C26 /* Assets.xcassets */; };
		391C79D4286F02BD003C7C26 /* main.m in Sources */ = {isa = PBXBuildFile; fileRef = 391C79D3286F02BD003C7C26 /* main.m */; };
		395095FF29EF41F100779D1D /* MainMenu.xib in Resources */ = {isa = PBXBuildFile; fileRef = 395095FE29EF41F100779D1D /* MainMenu.xib */; };
		39FD092529EEC4340043F546 /* Settings.storyboard in Resources */ = {isa = PBXBuildFile; fileRef = 39FD092429EEC4340043F546 /* Settings.storyboard */; };
		39FD092A29EEC5F90043F546 /* CCNPreferencesWindowController.m in Sources */ = {isa = PBXBuildFile; fileRef = 39FD092729EEC5F90043F546 /* CCNPreferencesWindowController.m */; };
		39FD093729EEFA990043F546 /* LNSettingsWindowController.m in Sources */ = {isa = PBXBuildFile; fileRef = 39FD093629EEFA990043F546 /* LNSettingsWindowController.m */; };
		39FD093A29EEFFDE0043F546 /* LNGeneralSettingsViewController.m in Sources */ = {isa = PBXBuildFile; fileRef = 39FD093929EEFFDE0043F546 /* LNGeneralSettingsViewController.m */; };
/* End PBXBuildFile section */

/* Begin PBXCopyFilesBuildPhase section */
		391C79F4286F3F98003C7C26 /* Copy Files */ = {
			isa = PBXCopyFilesBuildPhase;
			buildActionMask = 12;
			dstPath = "";
			dstSubfolderSpec = 7;
			files = (
			);
			name = "Copy Files";
			runOnlyForDeploymentPostprocessing = 0;
		};
		39D973202B0FB6AF00E9CB9D /* CopyFiles */ = {
			isa = PBXCopyFilesBuildPhase;
			buildActionMask = 12;
			dstPath = Contents/Library/LaunchDaemons;
			dstSubfolderSpec = 1;
			files = (
			);
			runOnlyForDeploymentPostprocessing = 0;
		};
/* End PBXCopyFilesBuildPhase section */

/* Begin PBXFileReference section */
		391C79C5286F02BC003C7C26 /* Espresso Shot.app */ = {isa = PBXFileReference; explicitFileType = wrapper.application; includeInIndex = 0; path = "Espresso Shot.app"; sourceTree = BUILT_PRODUCTS_DIR; };
		391C79C8286F02BC003C7C26 /* AppDelegate.h */ = {isa = PBXFileReference; lastKnownFileType = sourcecode.c.h; path = AppDelegate.h; sourceTree = "<group>"; };
		391C79C9286F02BC003C7C26 /* AppDelegate.m */ = {isa = PBXFileReference; lastKnownFileType = sourcecode.c.objc; path = AppDelegate.m; sourceTree = "<group>"; };
		391C79CE286F02BD003C7C26 /* Assets.xcassets */ = {isa = PBXFileReference; lastKnownFileType = folder.assetcatalog; path = Assets.xcassets; sourceTree = "<group>"; };
		391C79D3286F02BD003C7C26 /* main.m */ = {isa = PBXFileReference; lastKnownFileType = sourcecode.c.objc; path = main.m; sourceTree = "<group>"; };
		391C79D5286F02BD003C7C26 /* LNEspressoShot.entitlements */ = {isa = PBXFileReference; lastKnownFileType = text.plist.entitlements; path = LNEspressoShot.entitlements; sourceTree = "<group>"; };
		391C79DB286F2DD3003C7C26 /* Info.plist */ = {isa = PBXFileReference; lastKnownFileType = text.plist; path = Info.plist; sourceTree = "<group>"; };
		395095FE29EF41F100779D1D /* MainMenu.xib */ = {isa = PBXFileReference; lastKnownFileType = file.xib; path = MainMenu.xib; sourceTree = "<group>"; };
		39FD092429EEC4340043F546 /* Settings.storyboard */ = {isa = PBXFileReference; lastKnownFileType = file.storyboard; path = Settings.storyboard; sourceTree = "<group>"; };
		39FD092729EEC5F90043F546 /* CCNPreferencesWindowController.m */ = {isa = PBXFileReference; fileEncoding = 4; lastKnownFileType = sourcecode.c.objc; path = CCNPreferencesWindowController.m; sourceTree = "<group>"; };
		39FD092829EEC5F90043F546 /* CCNPreferencesWindowControllerProtocol.h */ = {isa = PBXFileReference; fileEncoding = 4; lastKnownFileType = sourcecode.c.h; path = CCNPreferencesWindowControllerProtocol.h; sourceTree = "<group>"; };
		39FD092929EEC5F90043F546 /* CCNPreferencesWindowController.h */ = {isa = PBXFileReference; fileEncoding = 4; lastKnownFileType = sourcecode.c.h; path = CCNPreferencesWindowController.h; sourceTree = "<group>"; };
		39FD093529EEFA990043F546 /* LNSettingsWindowController.h */ = {isa = PBXFileReference; lastKnownFileType = sourcecode.c.h; path = LNSettingsWindowController.h; sourceTree = "<group>"; };
		39FD093629EEFA990043F546 /* LNSettingsWindowController.m */ = {isa = PBXFileReference; lastKnownFileType = sourcecode.c.objc; path = LNSettingsWindowController.m; sourceTree = "<group>"; };
		39FD093829EEFFDE0043F546 /* LNGeneralSettingsViewController.h */ = {isa = PBXFileReference; lastKnownFileType = sourcecode.c.h; path = LNGeneralSettingsViewController.h; sourceTree = "<group>"; };
		39FD093929EEFFDE0043F546 /* LNGeneralSettingsViewController.m */ = {isa = PBXFileReference; lastKnownFileType = sourcecode.c.objc; path = LNGeneralSettingsViewController.m; sourceTree = "<group>"; };
/* End PBXFileReference section */

/* Begin PBXFrameworksBuildPhase section */
		391C79C2286F02BC003C7C26 /* Frameworks */ = {
			isa = PBXFrameworksBuildPhase;
			buildActionMask = 2147483647;
			files = (
			);
			runOnlyForDeploymentPostprocessing = 0;
		};
/* End PBXFrameworksBuildPhase section */

/* Begin PBXGroup section */
		391C79BC286F02BC003C7C26 = {
			isa = PBXGroup;
			children = (
				391C79C7286F02BC003C7C26 /* LNEspressoShot */,
				391C79C6286F02BC003C7C26 /* Products */,
				3992D11A2B14B7CE00513300 /* Frameworks */,
			);
			sourceTree = "<group>";
		};
		391C79C6286F02BC003C7C26 /* Products */ = {
			isa = PBXGroup;
			children = (
				391C79C5286F02BC003C7C26 /* Espresso Shot.app */,
			);
			name = Products;
			sourceTree = "<group>";
		};
		391C79C7286F02BC003C7C26 /* LNEspressoShot */ = {
			isa = PBXGroup;
			children = (
				39FD093429EEFA740043F546 /* Settings */,
				391C79DB286F2DD3003C7C26 /* Info.plist */,
				391C79C8286F02BC003C7C26 /* AppDelegate.h */,
				391C79C9286F02BC003C7C26 /* AppDelegate.m */,
				391C79CE286F02BD003C7C26 /* Assets.xcassets */,
				391C79D3286F02BD003C7C26 /* main.m */,
				391C79D5286F02BD003C7C26 /* LNEspressoShot.entitlements */,
				395095FE29EF41F100779D1D /* MainMenu.xib */,
			);
			path = LNEspressoShot;
			sourceTree = "<group>";
		};
		3992D11A2B14B7CE00513300 /* Frameworks */ = {
			isa = PBXGroup;
			children = (
			);
			name = Frameworks;
			sourceTree = "<group>";
		};
		39FD092629EEC5F90043F546 /* CCNPreferencesWindowController */ = {
			isa = PBXGroup;
			children = (
				39FD092929EEC5F90043F546 /* CCNPreferencesWindowController.h */,
				39FD092729EEC5F90043F546 /* CCNPreferencesWindowController.m */,
				39FD092829EEC5F90043F546 /* CCNPreferencesWindowControllerProtocol.h */,
			);
			path = CCNPreferencesWindowController;
			sourceTree = "<group>";
		};
		39FD093429EEFA740043F546 /* Settings */ = {
			isa = PBXGroup;
			children = (
				39FD092629EEC5F90043F546 /* CCNPreferencesWindowController */,
				39FD092429EEC4340043F546 /* Settings.storyboard */,
				39FD093529EEFA990043F546 /* LNSettingsWindowController.h */,
				39FD093629EEFA990043F546 /* LNSettingsWindowController.m */,
				39FD093829EEFFDE0043F546 /* LNGeneralSettingsViewController.h */,
				39FD093929EEFFDE0043F546 /* LNGeneralSettingsViewController.m */,
			);
			path = Settings;
			sourceTree = "<group>";
		};
/* End PBXGroup section */

/* Begin PBXNativeTarget section */
		391C79C4286F02BC003C7C26 /* LNEspressoShot */ = {
			isa = PBXNativeTarget;
			buildConfigurationList = 391C79D8286F02BD003C7C26 /* Build configuration list for PBXNativeTarget "LNEspressoShot" */;
			buildPhases = (
				391C79C1286F02BC003C7C26 /* Sources */,
				391C79C2286F02BC003C7C26 /* Frameworks */,
				391C79C3286F02BC003C7C26 /* Resources */,
				391C79F4286F3F98003C7C26 /* Copy Files */,
				39D973202B0FB6AF00E9CB9D /* CopyFiles */,
			);
			buildRules = (
			);
			dependencies = (
			);
			name = LNEspressoShot;
			productName = LNTorrentMover;
			productReference = 391C79C5286F02BC003C7C26 /* Espresso Shot.app */;
			productType = "com.apple.product-type.application";
		};
/* End PBXNativeTarget section */

/* Begin PBXProject section */
		391C79BD286F02BC003C7C26 /* Project object */ = {
			isa = PBXProject;
			attributes = {
				BuildIndependentTargetsInParallel = 1;
				LastUpgradeCheck = 1540;
				TargetAttributes = {
					391C79C4286F02BC003C7C26 = {
						CreatedOnToolsVersion = 14.0;
						LastSwiftMigration = 1610;
					};
				};
			};
			buildConfigurationList = 391C79C0286F02BC003C7C26 /* Build configuration list for PBXProject "LNEspressoShot" */;
			compatibilityVersion = "Xcode 15.0";
			developmentRegion = en;
			hasScannedForEncodings = 0;
			knownRegions = (
				en,
				Base,
			);
			mainGroup = 391C79BC286F02BC003C7C26;
			productRefGroup = 391C79C6286F02BC003C7C26 /* Products */;
			projectDirPath = "";
			projectRoot = "";
			targets = (
				391C79C4286F02BC003C7C26 /* LNEspressoShot */,
			);
		};
/* End PBXProject section */

/* Begin PBXResourcesBuildPhase section */
		391C79C3286F02BC003C7C26 /* Resources */ = {
			isa = PBXResourcesBuildPhase;
			buildActionMask = 2147483647;
			files = (
				391C79CF286F02BD003C7C26 /* Assets.xcassets in Resources */,
				39FD092529EEC4340043F546 /* Settings.storyboard in Resources */,
				395095FF29EF41F100779D1D /* MainMenu.xib in Resources */,
			);
			runOnlyForDeploymentPostprocessing = 0;
		};
/* End PBXResourcesBuildPhase section */

/* Begin PBXSourcesBuildPhase section */
		391C79C1286F02BC003C7C26 /* Sources */ = {
			isa = PBXSourcesBuildPhase;
			buildActionMask = 2147483647;
			files = (
				391C79D4286F02BD003C7C26 /* main.m in Sources */,
				391C79CA286F02BC003C7C26 /* AppDelegate.m in Sources */,
				39FD093729EEFA990043F546 /* LNSettingsWindowController.m in Sources */,
				39FD093A29EEFFDE0043F546 /* LNGeneralSettingsViewController.m in Sources */,
				39FD092A29EEC5F90043F546 /* CCNPreferencesWindowController.m in Sources */,
			);
			runOnlyForDeploymentPostprocessing = 0;
		};
/* End PBXSourcesBuildPhase section */

/* Begin XCBuildConfiguration section */
		391C79D6286F02BD003C7C26 /* Debug */ = {
			isa = XCBuildConfiguration;
			buildSettings = {
				ALWAYS_SEARCH_USER_PATHS = NO;
				ASSETCATALOG_COMPILER_GENERATE_SWIFT_ASSET_SYMBOL_EXTENSIONS = YES;
				CLANG_ANALYZER_NONNULL = YES;
				CLANG_ANALYZER_NUMBER_OBJECT_CONVERSION = YES_AGGRESSIVE;
				CLANG_CXX_LANGUAGE_STANDARD = "gnu++17";
				CLANG_ENABLE_MODULES = YES;
				CLANG_ENABLE_OBJC_ARC = YES;
				CLANG_ENABLE_OBJC_WEAK = YES;
				CLANG_WARN_BLOCK_CAPTURE_AUTORELEASING = YES;
				CLANG_WARN_BOOL_CONVERSION = YES;
				CLANG_WARN_COMMA = YES;
				CLANG_WARN_CONSTANT_CONVERSION = YES;
				CLANG_WARN_DEPRECATED_OBJC_IMPLEMENTATIONS = YES;
				CLANG_WARN_DIRECT_OBJC_ISA_USAGE = YES_ERROR;
				CLANG_WARN_DOCUMENTATION_COMMENTS = YES;
				CLANG_WARN_EMPTY_BODY = YES;
				CLANG_WARN_ENUM_CONVERSION = YES;
				CLANG_WARN_INFINITE_RECURSION = YES;
				CLANG_WARN_INT_CONVERSION = YES;
				CLANG_WARN_NON_LITERAL_NULL_CONVERSION = YES;
				CLANG_WARN_OBJC_IMPLICIT_RETAIN_SELF = YES;
				CLANG_WARN_OBJC_LITERAL_CONVERSION = YES;
				CLANG_WARN_OBJC_ROOT_CLASS = YES_ERROR;
				CLANG_WARN_QUOTED_INCLUDE_IN_FRAMEWORK_HEADER = YES;
				CLANG_WARN_RANGE_LOOP_ANALYSIS = YES;
				CLANG_WARN_STRICT_PROTOTYPES = YES;
				CLANG_WARN_SUSPICIOUS_MOVE = YES;
				CLANG_WARN_UNGUARDED_AVAILABILITY = YES_AGGRESSIVE;
				CLANG_WARN_UNREACHABLE_CODE = YES;
				CLANG_WARN__DUPLICATE_METHOD_MATCH = YES;
				COPY_PHASE_STRIP = NO;
				DEAD_CODE_STRIPPING = YES;
				DEBUG_INFORMATION_FORMAT = dwarf;
				ENABLE_STRICT_OBJC_MSGSEND = YES;
				ENABLE_TESTABILITY = YES;
				ENABLE_USER_SCRIPT_SANDBOXING = YES;
				GCC_C_LANGUAGE_STANDARD = gnu11;
				GCC_DYNAMIC_NO_PIC = NO;
				GCC_NO_COMMON_BLOCKS = YES;
				GCC_OPTIMIZATION_LEVEL = 0;
				GCC_PREPROCESSOR_DEFINITIONS = (
					"DEBUG=1",
					"$(inherited)",
				);
				GCC_WARN_64_TO_32_BIT_CONVERSION = YES;
				GCC_WARN_ABOUT_RETURN_TYPE = YES_ERROR;
				GCC_WARN_UNDECLARED_SELECTOR = YES;
				GCC_WARN_UNINITIALIZED_AUTOS = YES_AGGRESSIVE;
				GCC_WARN_UNUSED_FUNCTION = YES;
				GCC_WARN_UNUSED_VARIABLE = YES;
				MACOSX_DEPLOYMENT_TARGET = 14.0;
				MTL_ENABLE_DEBUG_INFO = INCLUDE_SOURCE;
				MTL_FAST_MATH = YES;
				ONLY_ACTIVE_ARCH = YES;
				SDKROOT = macosx;
			};
			name = Debug;
		};
		391C79D7286F02BD003C7C26 /* Release */ = {
			isa = XCBuildConfiguration;
			buildSettings = {
				ALWAYS_SEARCH_USER_PATHS = NO;
				ASSETCATALOG_COMPILER_GENERATE_SWIFT_ASSET_SYMBOL_EXTENSIONS = YES;
				CLANG_ANALYZER_NONNULL = YES;
				CLANG_ANALYZER_NUMBER_OBJECT_CONVERSION = YES_AGGRESSIVE;
				CLANG_CXX_LANGUAGE_STANDARD = "gnu++17";
				CLANG_ENABLE_MODULES = YES;
				CLANG_ENABLE_OBJC_ARC = YES;
				CLANG_ENABLE_OBJC_WEAK = YES;
				CLANG_WARN_BLOCK_CAPTURE_AUTORELEASING = YES;
				CLANG_WARN_BOOL_CONVERSION = YES;
				CLANG_WARN_COMMA = YES;
				CLANG_WARN_CONSTANT_CONVERSION = YES;
				CLANG_WARN_DEPRECATED_OBJC_IMPLEMENTATIONS = YES;
				CLANG_WARN_DIRECT_OBJC_ISA_USAGE = YES_ERROR;
				CLANG_WARN_DOCUMENTATION_COMMENTS = YES;
				CLANG_WARN_EMPTY_BODY = YES;
				CLANG_WARN_ENUM_CONVERSION = YES;
				CLANG_WARN_INFINITE_RECURSION = YES;
				CLANG_WARN_INT_CONVERSION = YES;
				CLANG_WARN_NON_LITERAL_NULL_CONVERSION = YES;
				CLANG_WARN_OBJC_IMPLICIT_RETAIN_SELF = YES;
				CLANG_WARN_OBJC_LITERAL_CONVERSION = YES;
				CLANG_WARN_OBJC_ROOT_CLASS = YES_ERROR;
				CLANG_WARN_QUOTED_INCLUDE_IN_FRAMEWORK_HEADER = YES;
				CLANG_WARN_RANGE_LOOP_ANALYSIS = YES;
				CLANG_WARN_STRICT_PROTOTYPES = YES;
				CLANG_WARN_SUSPICIOUS_MOVE = YES;
				CLANG_WARN_UNGUARDED_AVAILABILITY = YES_AGGRESSIVE;
				CLANG_WARN_UNREACHABLE_CODE = YES;
				CLANG_WARN__DUPLICATE_METHOD_MATCH = YES;
				COPY_PHASE_STRIP = NO;
				DEAD_CODE_STRIPPING = YES;
				DEBUG_INFORMATION_FORMAT = "dwarf-with-dsym";
				ENABLE_NS_ASSERTIONS = NO;
				ENABLE_STRICT_OBJC_MSGSEND = YES;
				ENABLE_USER_SCRIPT_SANDBOXING = YES;
				GCC_C_LANGUAGE_STANDARD = gnu11;
				GCC_NO_COMMON_BLOCKS = YES;
				GCC_WARN_64_TO_32_BIT_CONVERSION = YES;
				GCC_WARN_ABOUT_RETURN_TYPE = YES_ERROR;
				GCC_WARN_UNDECLARED_SELECTOR = YES;
				GCC_WARN_UNINITIALIZED_AUTOS = YES_AGGRESSIVE;
				GCC_WARN_UNUSED_FUNCTION = YES;
				GCC_WARN_UNUSED_VARIABLE = YES;
				MACOSX_DEPLOYMENT_TARGET = 14.0;
				MTL_ENABLE_DEBUG_INFO = NO;
				MTL_FAST_MATH = YES;
				SDKROOT = macosx;
			};
			name = Release;
		};
		391C79D9286F02BD003C7C26 /* Debug */ = {
			isa = XCBuildConfiguration;
			buildSettings = {
				ASSETCATALOG_COMPILER_APPICON_NAME = AppIcon;
				CLANG_ENABLE_MODULES = YES;
				CLANG_WARN_OBJC_IMPLICIT_RETAIN_SELF = NO;
				CODE_SIGN_ENTITLEMENTS = LNEspressoShot/LNEspressoShot.entitlements;
				"CODE_SIGN_IDENTITY[sdk=macosx*]" = "-";
				CODE_SIGN_STYLE = Automatic;
				COMBINE_HIDPI_IMAGES = YES;
				CURRENT_PROJECT_VERSION = 1;
				DEAD_CODE_STRIPPING = YES;
				DEPLOYMENT_LOCATION = YES;
				DEVELOPMENT_TEAM = "";
				ENABLE_HARDENED_RUNTIME = NO;
				GENERATE_INFOPLIST_FILE = YES;
				INFOPLIST_FILE = LNEspressoShot/Info.plist;
				INFOPLIST_KEY_CFBundleDisplayName = "Espresso Shot";
				INFOPLIST_KEY_LSApplicationCategoryType = "public.app-category.utilities";
				INFOPLIST_KEY_NSHumanReadableCopyright = "";
				INFOPLIST_KEY_NSPrincipalClass = NSApplication;
				INSTALL_ROOT = /;
				LD_RUNPATH_SEARCH_PATHS = (
					"$(inherited)",
					"@executable_path/../Frameworks",
				);
				MARKETING_VERSION = 1.4.1;
				PRODUCT_BUNDLE_IDENTIFIER = com.LeoNatan.LNEspressoShot;
				PRODUCT_NAME = "Espresso Shot";
				SWIFT_EMIT_LOC_STRINGS = YES;
				SWIFT_OPTIMIZATION_LEVEL = "-Onone";
				SWIFT_VERSION = 5.0;
			};
			name = Debug;
		};
		391C79DA286F02BD003C7C26 /* Release */ = {
			isa = XCBuildConfiguration;
			buildSettings = {
				ASSETCATALOG_COMPILER_APPICON_NAME = AppIcon;
				CLANG_ENABLE_MODULES = YES;
				CLANG_WARN_OBJC_IMPLICIT_RETAIN_SELF = NO;
				CODE_SIGN_ENTITLEMENTS = LNEspressoShot/LNEspressoShot.entitlements;
				"CODE_SIGN_IDENTITY[sdk=macosx*]" = "-";
				CODE_SIGN_STYLE = Automatic;
				COMBINE_HIDPI_IMAGES = YES;
				CURRENT_PROJECT_VERSION = 1;
				DEAD_CODE_STRIPPING = YES;
				DEPLOYMENT_LOCATION = YES;
				DEVELOPMENT_TEAM = "";
				ENABLE_HARDENED_RUNTIME = NO;
				GENERATE_INFOPLIST_FILE = YES;
				INFOPLIST_FILE = LNEspressoShot/Info.plist;
				INFOPLIST_KEY_CFBundleDisplayName = "Espresso Shot";
				INFOPLIST_KEY_LSApplicationCategoryType = "public.app-category.utilities";
				INFOPLIST_KEY_NSHumanReadableCopyright = "";
				INFOPLIST_KEY_NSPrincipalClass = NSApplication;
				INSTALL_ROOT = /;
				LD_RUNPATH_SEARCH_PATHS = (
					"$(inherited)",
					"@executable_path/../Frameworks",
				);
				MARKETING_VERSION = 1.4.1;
				PRODUCT_BUNDLE_IDENTIFIER = com.LeoNatan.LNEspressoShot;
				PRODUCT_NAME = "Espresso Shot";
				SWIFT_EMIT_LOC_STRINGS = YES;
				SWIFT_VERSION = 5.0;
			};
			name = Release;
		};
/* End XCBuildConfiguration section */

/* Begin XCConfigurationList section */
		391C79C0286F02BC003C7C26 /* Build configuration list for PBXProject "LNEspressoShot" */ = {
			isa = XCConfigurationList;
			buildConfigurations = (
				391C79D6286F02BD003C7C26 /* Debug */,
				391C79D7286F02BD003C7C26 /* Release */,
			);
			defaultConfigurationIsVisible = 0;
			defaultConfigurationName = Release;
		};
		391C79D8286F02BD003C7C26 /* Build configuration list for PBXNativeTarget "LNEspressoShot" */ = {
			isa = XCConfigurationList;
			buildConfigurations = (
				391C79D9286F02BD003C7C26 /* Debug */,
				391C79DA286F02BD003C7C26 /* Release */,
			);
			defaultConfigurationIsVisible = 0;
			defaultConfigurationName = Release;
		};
/* End XCConfigurationList section */
	};
	rootObject = 391C79BD286F02BC003C7C26 /* Project object */;
}
